# This file was autogenerated by Stack.
# You should not edit this file by hand.
# For more information, please see the documentation at:
#   https://docs.haskellstack.org/en/stable/lock_files

packages:
- completed:
    hackage: atto-lisp-0.2.2.3@sha256:dc34f8d0beb7fd5bce2d268da0b28296867fa1a0eba83cef0775f34de936bb18,1367
    pantry-tree:
      size: 325
      sha256: ff4cafcafffd38ebcd54bba9201dd8fe521ef9e0e965216d56e9b9e905f66a5e
  original:
    hackage: atto-lisp-0.2.2.3
snapshots:
- completed:
    size: 524789
    url: https://raw.githubusercontent.com/commercialhaskell/stackage-snapshots/master/lts/14/8.yaml
    sha256: 8af5eb80734f02621d37e82cc0cde614af2ddc9c320610acb0b1b6d9ac162930
  original: lts-14.8
